<?xml version="1.0" encoding="utf-8"?>
<Project ToolsVersion="4.0" xmlns="http://schemas.microsoft.com/developer/msbuild/2003">
  <ItemGroup>
    <Filter Include="Source Files">
      <UniqueIdentifier>{4FC737F1-C7A5-4376-A066-2A32D752A2FF}</UniqueIdentifier>
      <Extensions>cpp;c;cc;cxx;def;odl;idl;hpj;bat;asm;asmx</Extensions>
    </Filter>
    <Filter Include="Source Files\GameEntities">
      <UniqueIdentifier>{4239f2a7-e229-4f6a-ab1b-eb7fee14d041}</UniqueIdentifier>
    </Filter>
    <Filter Include="Source Files\Input">
      <UniqueIdentifier>{d417de43-8fdb-4509-8ea9-89d32409367d}</UniqueIdentifier>
    </Filter>
    <Filter Include="Source Files\Maths">
      <UniqueIdentifier>{66007f9f-e58f-466b-8e02-ac5f9c2cd056}</UniqueIdentifier>
    </Filter>
    <Filter Include="Source Files\Renderer">
      <UniqueIdentifier>{d8c9d476-15c5-4c4c-b1bc-6e87b6149b28}</UniqueIdentifier>
    </Filter>
    <Filter Include="Source Files\ComponentsSystems">
      <UniqueIdentifier>{b4cff2f0-3c0a-4e7e-93da-8f463ccb9a75}</UniqueIdentifier>
    </Filter>
    <Filter Include="Source Files\ComponentsSystems\Components">
      <UniqueIdentifier>{63579a79-328b-41b8-9b3e-e9a2e4fb08d7}</UniqueIdentifier>
    </Filter>
    <Filter Include="Source Files\ComponentsSystems\Systems">
      <UniqueIdentifier>{d6cb0e97-b32f-49a8-ba1b-5923a6e7ad40}</UniqueIdentifier>
    </Filter>
    <Filter Include="Source Files\Dungeon">
      <UniqueIdentifier>{2bdbb4f5-1a13-473d-a799-99bd20c8d610}</UniqueIdentifier>
    </Filter>
    <Filter Include="Source Files\GameSystems">
      <UniqueIdentifier>{50710e28-606e-44f4-b213-047f920fc61f}</UniqueIdentifier>
    </Filter>
    <Filter Include="Source Files\UI">
      <UniqueIdentifier>{32a070be-d57e-4e8a-8187-b31f7908aaea}</UniqueIdentifier>
    </Filter>
    <Filter Include="Source Files\Messages">
      <UniqueIdentifier>{0415bbb2-2bf9-46af-9dff-44c049098452}</UniqueIdentifier>
    </Filter>
    <Filter Include="Source Files\GameEntities\Player">
      <UniqueIdentifier>{e518a317-536e-41f1-af26-d552fd0e88ad}</UniqueIdentifier>
    </Filter>
    <Filter Include="Source Files\GameEntities\Monsters">
      <UniqueIdentifier>{160c4f79-f520-4d6a-abbf-76d7c684730c}</UniqueIdentifier>
    </Filter>
    <Filter Include="Source Files\Containers">
      <UniqueIdentifier>{bc0e45d7-0f76-4061-9c17-b488a1ac254e}</UniqueIdentifier>
    </Filter>
    <Filter Include="Source Files\Animations">
      <UniqueIdentifier>{30ffd2f2-da7d-4f99-bc76-15b1234d3bd3}</UniqueIdentifier>
    </Filter>
  </ItemGroup>
  <ItemGroup>
    <ClCompile Include="src\Game.cpp">
      <Filter>Source Files</Filter>
    </ClCompile>
    <ClCompile Include="src\main.cpp">
      <Filter>Source Files</Filter>
    </ClCompile>
    <ClCompile Include="src\Renderer\RenderTarget.cpp">
      <Filter>Source Files\Renderer</Filter>
    </ClCompile>
    <ClCompile Include="src\Input\InputBuffer.cpp">
      <Filter>Source Files\Input</Filter>
    </ClCompile>
    <ClCompile Include="src\Input\InputMonitor.cpp">
      <Filter>Source Files\Input</Filter>
    </ClCompile>
    <ClCompile Include="src\GameEntities\RoomEntity.cpp">
      <Filter>Source Files\GameEntities</Filter>
    </ClCompile>
    <ClCompile Include="src\GameEntities\SpinnerEntity.cpp">
      <Filter>Source Files\GameEntities</Filter>
    </ClCompile>
    <ClCompile Include="src\EntityComponent\Components\CollisionComponent.cpp">
      <Filter>Source Files\ComponentsSystems\Components</Filter>
    </ClCompile>
    <ClCompile Include="src\EntityComponent\Systems\CollisionSystem.cpp">
      <Filter>Source Files\ComponentsSystems\Systems</Filter>
    </ClCompile>
    <ClCompile Include="src\EntityComponent\Systems\InputHandlerSystem.cpp">
      <Filter>Source Files\ComponentsSystems\Systems</Filter>
    </ClCompile>
    <ClCompile Include="src\EntityComponent\Systems\ProgramSystem.cpp">
      <Filter>Source Files\ComponentsSystems\Systems</Filter>
    </ClCompile>
    <ClCompile Include="src\EntityComponent\Systems\RenderSystem.cpp">
      <Filter>Source Files\ComponentsSystems\Systems</Filter>
    </ClCompile>
    <ClCompile Include="src\Dungeon\DungeonFactory.cpp">
      <Filter>Source Files\Dungeon</Filter>
    </ClCompile>
    <ClCompile Include="src\EntityComponent\Components\TriggerBoxComponent.cpp">
      <Filter>Source Files\ComponentsSystems\Components</Filter>
    </ClCompile>
    <ClCompile Include="src\EntityComponent\Systems\TriggerSystem.cpp">
      <Filter>Source Files\ComponentsSystems\Systems</Filter>
    </ClCompile>
    <ClCompile Include="src\GameSystems\CameraSystem.cpp">
      <Filter>Source Files\GameSystems</Filter>
    </ClCompile>
    <ClCompile Include="src\Dungeon\DungeonMap.cpp">
      <Filter>Source Files\Dungeon</Filter>
    </ClCompile>
    <ClCompile Include="src\GameEntities\CoinEntity.cpp">
      <Filter>Source Files\GameEntities</Filter>
    </ClCompile>
    <ClCompile Include="src\UI\HUD.cpp">
      <Filter>Source Files\UI</Filter>
    </ClCompile>
    <ClCompile Include="src\GameEntities\Player\PlayerEntity.cpp">
      <Filter>Source Files\GameEntities\Player</Filter>
    </ClCompile>
    <ClCompile Include="src\GameEntities\Player\PlayerUpdater.cpp">
      <Filter>Source Files\GameEntities\Player</Filter>
    </ClCompile>
    <ClCompile Include="src\GameEntities\Monsters\MonsterEntityFactory.cpp">
      <Filter>Source Files\GameEntities\Monsters</Filter>
    </ClCompile>
    <ClCompile Include="src\GameEntities\Player\PlayerInputHandler.cpp">
      <Filter>Source Files\GameEntities\Player</Filter>
    </ClCompile>
    <ClCompile Include="src\EntityComponent\Systems\PositionSystem.cpp">
      <Filter>Source Files\ComponentsSystems\Systems</Filter>
    </ClCompile>
    <ClCompile Include="src\Renderer\AsciiMesh.cpp">
      <Filter>Source Files\Renderer</Filter>
    </ClCompile>
    <ClCompile Include="src\EntityComponent\Components\AnimationComponent.cpp">
      <Filter>Source Files\ComponentsSystems\Components</Filter>
    </ClCompile>
    <ClCompile Include="src\EntityComponent\Systems\AnimationSystem.cpp">
      <Filter>Source Files\ComponentsSystems\Systems</Filter>
    </ClCompile>
    <ClCompile Include="src\Animations\Animation.cpp">
      <Filter>Source Files\Animations</Filter>
    </ClCompile>
    <ClCompile Include="src\GameEntities\HealthEntity.cpp">
      <Filter>Source Files\GameEntities</Filter>
    </ClCompile>
    <ClCompile Include="src\EntityComponent\Systems\DamageZoneSystem.cpp">
      <Filter>Source Files\ComponentsSystems\Systems</Filter>
    </ClCompile>
    <ClCompile Include="src\EntityComponent\Components\DamageZoneComponent.cpp">
      <Filter>Source Files\ComponentsSystems\Components</Filter>
    </ClCompile>
  </ItemGroup>
  <ItemGroup>
    <ClInclude Include="src\Game.h">
      <Filter>Source Files</Filter>
    </ClInclude>
    <ClInclude Include="src\ScreenConstants.h">
      <Filter>Source Files</Filter>
    </ClInclude>
    <ClInclude Include="src\Renderer\AsciiMesh.h">
      <Filter>Source Files\Renderer</Filter>
    </ClInclude>
    <ClInclude Include="src\Renderer\RenderTarget.h">
      <Filter>Source Files\Renderer</Filter>
    </ClInclude>
    <ClInclude Include="src\Maths\IVec2.h">
      <Filter>Source Files\Maths</Filter>
    </ClInclude>
    <ClInclude Include="src\Input\InputBuffer.h">
      <Filter>Source Files\Input</Filter>
    </ClInclude>
    <ClInclude Include="src\Input\InputMonitor.h">
      <Filter>Source Files\Input</Filter>
    </ClInclude>
    <ClInclude Include="src\GameEntities\RoomEntity.h">
      <Filter>Source Files\GameEntities</Filter>
    </ClInclude>
    <ClInclude Include="src\GameEntities\SpinnerEntity.h">
      <Filter>Source Files\GameEntities</Filter>
    </ClInclude>
    <ClInclude Include="src\EntityComponent\Components\CollisionComponent.h">
      <Filter>Source Files\ComponentsSystems\Components</Filter>
    </ClInclude>
    <ClInclude Include="src\EntityComponent\Components\InputHandlerComponent.h">
      <Filter>Source Files\ComponentsSystems\Components</Filter>
    </ClInclude>
    <ClInclude Include="src\EntityComponent\Components\PositionComponent.h">
      <Filter>Source Files\ComponentsSystems\Components</Filter>
    </ClInclude>
    <ClInclude Include="src\EntityComponent\Components\ProgramComponent.h">
      <Filter>Source Files\ComponentsSystems\Components</Filter>
    </ClInclude>
    <ClInclude Include="src\EntityComponent\Components\RenderableComponent.h">
      <Filter>Source Files\ComponentsSystems\Components</Filter>
    </ClInclude>
    <ClInclude Include="src\EntityComponent\Systems\CollisionSystem.h">
      <Filter>Source Files\ComponentsSystems\Systems</Filter>
    </ClInclude>
    <ClInclude Include="src\EntityComponent\Systems\InputHandlerSystem.h">
      <Filter>Source Files\ComponentsSystems\Systems</Filter>
    </ClInclude>
    <ClInclude Include="src\EntityComponent\Systems\ProgramSystem.h">
      <Filter>Source Files\ComponentsSystems\Systems</Filter>
    </ClInclude>
    <ClInclude Include="src\EntityComponent\Systems\RenderSystem.h">
      <Filter>Source Files\ComponentsSystems\Systems</Filter>
    </ClInclude>
    <ClInclude Include="src\Dungeon\DungeonFactory.h">
      <Filter>Source Files\Dungeon</Filter>
    </ClInclude>
    <ClInclude Include="src\EntityComponent\Components\TriggerBoxComponent.h">
      <Filter>Source Files\ComponentsSystems\Components</Filter>
    </ClInclude>
    <ClInclude Include="src\Maths\IRect.h">
      <Filter>Source Files\Maths</Filter>
    </ClInclude>
    <ClInclude Include="src\EntityComponent\Systems\TriggerSystem.h">
      <Filter>Source Files\ComponentsSystems\Systems</Filter>
    </ClInclude>
    <ClInclude Include="src\EntityComponent\Components\CameraComponent.h">
      <Filter>Source Files\ComponentsSystems\Components</Filter>
    </ClInclude>
    <ClInclude Include="src\GameSystems\CameraSystem.h">
      <Filter>Source Files\GameSystems</Filter>
    </ClInclude>
    <ClInclude Include="src\EntityComponent\Components\PlayerComponent.h">
      <Filter>Source Files\ComponentsSystems\Components</Filter>
    </ClInclude>
    <ClInclude Include="src\Dungeon\DungeonMap.h">
      <Filter>Source Files\Dungeon</Filter>
    </ClInclude>
    <ClInclude Include="src\GameEntities\CoinEntity.h">
      <Filter>Source Files\GameEntities</Filter>
    </ClInclude>
    <ClInclude Include="src\UI\HUD.h">
      <Filter>Source Files\UI</Filter>
    </ClInclude>
    <ClInclude Include="src\Messages\Messages.h">
      <Filter>Source Files\Messages</Filter>
    </ClInclude>
    <ClInclude Include="src\GameEntities\Player\PlayerEntity.h">
      <Filter>Source Files\GameEntities\Player</Filter>
    </ClInclude>
    <ClInclude Include="src\GameEntities\Player\PlayerUpdater.h">
      <Filter>Source Files\GameEntities\Player</Filter>
    </ClInclude>
    <ClInclude Include="src\GameEntities\Player\PlayerUpdateState.h">
      <Filter>Source Files\GameEntities\Player</Filter>
    </ClInclude>
    <ClInclude Include="src\GameEntities\Player\PlayerEnums.h">
      <Filter>Source Files\GameEntities\Player</Filter>
    </ClInclude>
    <ClInclude Include="src\GameEntities\Player\PlayerMeshes.h">
      <Filter>Source Files\GameEntities\Player</Filter>
    </ClInclude>
    <ClInclude Include="src\GameEntities\Monsters\MonsterEntityFactory.h">
      <Filter>Source Files\GameEntities\Monsters</Filter>
    </ClInclude>
    <ClInclude Include="src\GameEntities\Player\PlayerInputHandler.h">
      <Filter>Source Files\GameEntities\Player</Filter>
    </ClInclude>
    <ClInclude Include="src\EntityComponent\Systems\PositionSystem.h">
      <Filter>Source Files\ComponentsSystems\Systems</Filter>
    </ClInclude>
    <ClInclude Include="src\Containers\Dynamic2DVector.h">
      <Filter>Source Files\Containers</Filter>
    </ClInclude>
    <ClInclude Include="src\EntityComponent\Components\AnimationComponent.h">
      <Filter>Source Files\ComponentsSystems\Components</Filter>
    </ClInclude>
    <ClInclude Include="src\EntityComponent\Systems\AnimationSystem.h">
      <Filter>Source Files\ComponentsSystems\Systems</Filter>
    </ClInclude>
    <ClInclude Include="src\EntityComponent\Components\HealthComponent.h">
      <Filter>Source Files\ComponentsSystems\Components</Filter>
    </ClInclude>
    <ClInclude Include="src\Animations\Animation.h">
      <Filter>Source Files\Animations</Filter>
    </ClInclude>
    <ClInclude Include="src\GameEntities\HealthEntity.h">
      <Filter>Source Files\GameEntities</Filter>
    </ClInclude>
    <ClInclude Include="src\EntityComponent\Components\MessageReceiverComponent.h">
      <Filter>Source Files\ComponentsSystems\Components</Filter>
    </ClInclude>
    <ClInclude Include="src\EntityComponent\Components\DamageZoneComponent.h">
      <Filter>Source Files\ComponentsSystems\Components</Filter>
    </ClInclude>
    <ClInclude Include="src\EntityComponent\Systems\DamageZoneSystem.h">
      <Filter>Source Files\ComponentsSystems\Systems</Filter>
    </ClInclude>
    <ClInclude Include="src\EntityComponent\Components\MonsterComponent.h">
      <Filter>Source Files\ComponentsSystems\Components</Filter>
    </ClInclude>
  </ItemGroup>
</Project>