<?xml version="1.0" encoding="utf-8"?>
<Project ToolsVersion="4.0" xmlns="http://schemas.microsoft.com/developer/msbuild/2003">
  <ItemGroup>
    <Filter Include="Source Files">
      <UniqueIdentifier>{4FC737F1-C7A5-4376-A066-2A32D752A2FF}</UniqueIdentifier>
      <Extensions>cpp;c;cc;cxx;def;odl;idl;hpj;bat;asm;asmx</Extensions>
    </Filter>
    <Filter Include="Source Files\GameEntities">
      <UniqueIdentifier>{4239f2a7-e229-4f6a-ab1b-eb7fee14d041}</UniqueIdentifier>
    </Filter>
    <Filter Include="Source Files\Input">
      <UniqueIdentifier>{d417de43-8fdb-4509-8ea9-89d32409367d}</UniqueIdentifier>
    </Filter>
    <Filter Include="Source Files\Maths">
      <UniqueIdentifier>{66007f9f-e58f-466b-8e02-ac5f9c2cd056}</UniqueIdentifier>
    </Filter>
    <Filter Include="Source Files\Renderer">
      <UniqueIdentifier>{d8c9d476-15c5-4c4c-b1bc-6e87b6149b28}</UniqueIdentifier>
    </Filter>
    <Filter Include="Source Files\ComponentsSystems">
      <UniqueIdentifier>{b4cff2f0-3c0a-4e7e-93da-8f463ccb9a75}</UniqueIdentifier>
    </Filter>
    <Filter Include="Source Files\ComponentsSystems\Components">
      <UniqueIdentifier>{63579a79-328b-41b8-9b3e-e9a2e4fb08d7}</UniqueIdentifier>
    </Filter>
    <Filter Include="Source Files\ComponentsSystems\Systems">
      <UniqueIdentifier>{d6cb0e97-b32f-49a8-ba1b-5923a6e7ad40}</UniqueIdentifier>
    </Filter>
    <Filter Include="Source Files\Dungeon">
      <UniqueIdentifier>{2bdbb4f5-1a13-473d-a799-99bd20c8d610}</UniqueIdentifier>
    </Filter>
    <Filter Include="Source Files\GameSystems">
      <UniqueIdentifier>{50710e28-606e-44f4-b213-047f920fc61f}</UniqueIdentifier>
    </Filter>
    <Filter Include="Source Files\UI">
      <UniqueIdentifier>{32a070be-d57e-4e8a-8187-b31f7908aaea}</UniqueIdentifier>
    </Filter>
    <Filter Include="Source Files\Messages">
      <UniqueIdentifier>{0415bbb2-2bf9-46af-9dff-44c049098452}</UniqueIdentifier>
    </Filter>
    <Filter Include="Source Files\GameEntities\Player">
      <UniqueIdentifier>{e518a317-536e-41f1-af26-d552fd0e88ad}</UniqueIdentifier>
    </Filter>
    <Filter Include="Source Files\GameEntities\Monsters">
      <UniqueIdentifier>{160c4f79-f520-4d6a-abbf-76d7c684730c}</UniqueIdentifier>
    </Filter>
    <Filter Include="Source Files\Containers">
      <UniqueIdentifier>{bc0e45d7-0f76-4061-9c17-b488a1ac254e}</UniqueIdentifier>
    </Filter>
    <Filter Include="Source Files\Animations">
      <UniqueIdentifier>{30ffd2f2-da7d-4f99-bc76-15b1234d3bd3}</UniqueIdentifier>
    </Filter>
    <Filter Include="Source Files\StateMachine">
      <UniqueIdentifier>{c4c8412c-2258-4cc0-adb0-7360b24ae319}</UniqueIdentifier>
    </Filter>
    <Filter Include="Source Files\GameEntities\Player\PlayerBehaviour">
      <UniqueIdentifier>{7480d6d3-9941-4973-8441-ff1118aa1ace}</UniqueIdentifier>
    </Filter>
    <Filter Include="Source Files\GameEntities\Obstacles">
      <UniqueIdentifier>{6655dfa6-a0e9-4032-8814-359588317b5e}</UniqueIdentifier>
    </Filter>
    <Filter Include="Source Files\StateMachine\ConcreteStates">
      <UniqueIdentifier>{973b815a-38e7-43e3-8f09-1dfb27a944f5}</UniqueIdentifier>
    </Filter>
    <Filter Include="Source Files\Inventory">
      <UniqueIdentifier>{73a675ea-8c56-4023-96e2-a4dba0ba0733}</UniqueIdentifier>
    </Filter>
    <Filter Include="Source Files\Inventory\Items">
      <UniqueIdentifier>{738840c9-0861-47dd-9475-cc8a58f7b360}</UniqueIdentifier>
    </Filter>
    <Filter Include="Source Files\GameEntities\Other">
      <UniqueIdentifier>{4792975e-7fe6-4ca3-a214-652229c587cb}</UniqueIdentifier>
    </Filter>
  </ItemGroup>
  <ItemGroup>
    <ClCompile Include="src\Game.cpp">
      <Filter>Source Files</Filter>
    </ClCompile>
    <ClCompile Include="src\main.cpp">
      <Filter>Source Files</Filter>
    </ClCompile>
    <ClCompile Include="src\Renderer\RenderTarget.cpp">
      <Filter>Source Files\Renderer</Filter>
    </ClCompile>
    <ClCompile Include="src\Input\InputBuffer.cpp">
      <Filter>Source Files\Input</Filter>
    </ClCompile>
    <ClCompile Include="src\Input\InputMonitor.cpp">
      <Filter>Source Files\Input</Filter>
    </ClCompile>
    <ClCompile Include="src\EntityComponent\Systems\CollisionSystem.cpp">
      <Filter>Source Files\ComponentsSystems\Systems</Filter>
    </ClCompile>
    <ClCompile Include="src\EntityComponent\Systems\InputHandlerSystem.cpp">
      <Filter>Source Files\ComponentsSystems\Systems</Filter>
    </ClCompile>
    <ClCompile Include="src\EntityComponent\Systems\ProgramSystem.cpp">
      <Filter>Source Files\ComponentsSystems\Systems</Filter>
    </ClCompile>
    <ClCompile Include="src\EntityComponent\Systems\RenderSystem.cpp">
      <Filter>Source Files\ComponentsSystems\Systems</Filter>
    </ClCompile>
    <ClCompile Include="src\Dungeon\DungeonFactory.cpp">
      <Filter>Source Files\Dungeon</Filter>
    </ClCompile>
    <ClCompile Include="src\EntityComponent\Components\TriggerBoxComponent.cpp">
      <Filter>Source Files\ComponentsSystems\Components</Filter>
    </ClCompile>
    <ClCompile Include="src\EntityComponent\Systems\TriggerSystem.cpp">
      <Filter>Source Files\ComponentsSystems\Systems</Filter>
    </ClCompile>
    <ClCompile Include="src\GameSystems\CameraSystem.cpp">
      <Filter>Source Files\GameSystems</Filter>
    </ClCompile>
    <ClCompile Include="src\GameEntities\CoinEntity.cpp">
      <Filter>Source Files\GameEntities</Filter>
    </ClCompile>
    <ClCompile Include="src\UI\HUD.cpp">
      <Filter>Source Files\UI</Filter>
    </ClCompile>
    <ClCompile Include="src\GameEntities\Player\PlayerEntity.cpp">
      <Filter>Source Files\GameEntities\Player</Filter>
    </ClCompile>
    <ClCompile Include="src\EntityComponent\Systems\PositionSystem.cpp">
      <Filter>Source Files\ComponentsSystems\Systems</Filter>
    </ClCompile>
    <ClCompile Include="src\Renderer\AsciiMesh.cpp">
      <Filter>Source Files\Renderer</Filter>
    </ClCompile>
    <ClCompile Include="src\EntityComponent\Components\AnimationComponent.cpp">
      <Filter>Source Files\ComponentsSystems\Components</Filter>
    </ClCompile>
    <ClCompile Include="src\EntityComponent\Systems\AnimationSystem.cpp">
      <Filter>Source Files\ComponentsSystems\Systems</Filter>
    </ClCompile>
    <ClCompile Include="src\Animations\Animation.cpp">
      <Filter>Source Files\Animations</Filter>
    </ClCompile>
    <ClCompile Include="src\GameEntities\HealthEntity.cpp">
      <Filter>Source Files\GameEntities</Filter>
    </ClCompile>
    <ClCompile Include="src\Renderer\RenderTargetWriter.cpp">
      <Filter>Source Files\Renderer</Filter>
    </ClCompile>
    <ClCompile Include="src\EntityComponent\Components\CollisionMesh.cpp">
      <Filter>Source Files\ComponentsSystems\Components</Filter>
    </ClCompile>
    <ClCompile Include="src\GameEntities\Player\PlayerComponent.cpp">
      <Filter>Source Files\GameEntities\Player</Filter>
    </ClCompile>
    <ClCompile Include="src\GameEntities\Player\PlayerBehaviours\PlayerBehaviourBase.cpp">
      <Filter>Source Files\GameEntities\Player\PlayerBehaviour</Filter>
    </ClCompile>
    <ClCompile Include="src\EntityComponent\Components\CollisionComponent.cpp">
      <Filter>Source Files\ComponentsSystems\Components</Filter>
    </ClCompile>
    <ClCompile Include="src\GameEntities\Player\PlayerBehaviours\PlayerIdleBehaviour.cpp">
      <Filter>Source Files\GameEntities\Player\PlayerBehaviour</Filter>
    </ClCompile>
    <ClCompile Include="src\GameEntities\Player\PlayerBehaviours\PlayerDeadBehaviour.cpp">
      <Filter>Source Files\GameEntities\Player\PlayerBehaviour</Filter>
    </ClCompile>
    <ClCompile Include="src\UI\HealthBarUI.cpp">
      <Filter>Source Files\UI</Filter>
    </ClCompile>
    <ClCompile Include="src\UI\EquippedBarUI.cpp">
      <Filter>Source Files\UI</Filter>
    </ClCompile>
    <ClCompile Include="src\UI\YouAreDeadDisplay.cpp">
      <Filter>Source Files\UI</Filter>
    </ClCompile>
    <ClCompile Include="src\GameEntities\Obstacles\LockedDoor.cpp">
      <Filter>Source Files\GameEntities\Obstacles</Filter>
    </ClCompile>
    <ClCompile Include="src\GameEntities\Obstacles\OpenDoor.cpp">
      <Filter>Source Files\GameEntities\Obstacles</Filter>
    </ClCompile>
    <ClCompile Include="src\Dungeon\RoomEntity.cpp">
      <Filter>Source Files\Dungeon</Filter>
    </ClCompile>
    <ClCompile Include="src\Dungeon\DungeonLayoutGenerator.cpp">
      <Filter>Source Files\Dungeon</Filter>
    </ClCompile>
    <ClCompile Include="src\GameEntities\Obstacles\Stairs.cpp">
      <Filter>Source Files\GameEntities\Obstacles</Filter>
    </ClCompile>
    <ClCompile Include="src\StateMachine\StateMachine.cpp">
      <Filter>Source Files\StateMachine</Filter>
    </ClCompile>
    <ClCompile Include="src\StateMachine\StateMachineMessageHandler.cpp">
      <Filter>Source Files\StateMachine</Filter>
    </ClCompile>
    <ClCompile Include="src\StateMachine\ConcreteStates\StartMenuState.cpp">
      <Filter>Source Files\StateMachine\ConcreteStates</Filter>
    </ClCompile>
    <ClCompile Include="src\StateMachine\StateBase.cpp">
      <Filter>Source Files\StateMachine</Filter>
    </ClCompile>
    <ClCompile Include="src\StateMachine\ConcreteStates\InGameState.cpp">
      <Filter>Source Files\StateMachine\ConcreteStates</Filter>
    </ClCompile>
    <ClCompile Include="src\StateMachine\ConcreteStates\InventoryScreenState.cpp">
      <Filter>Source Files\StateMachine\ConcreteStates</Filter>
    </ClCompile>
    <ClCompile Include="src\Inventory\Inventory.cpp">
      <Filter>Source Files\Inventory</Filter>
    </ClCompile>
    <ClCompile Include="src\Inventory\Items\Arrow.cpp">
      <Filter>Source Files\Inventory\Items</Filter>
    </ClCompile>
    <ClCompile Include="src\Inventory\Items\Bow.cpp">
      <Filter>Source Files\Inventory\Items</Filter>
    </ClCompile>
    <ClCompile Include="src\Inventory\Items\BowAnimations.cpp">
      <Filter>Source Files\Inventory\Items</Filter>
    </ClCompile>
    <ClCompile Include="src\Inventory\Items\DoorKey.cpp">
      <Filter>Source Files\Inventory\Items</Filter>
    </ClCompile>
    <ClCompile Include="src\Inventory\Items\Shield.cpp">
      <Filter>Source Files\Inventory\Items</Filter>
    </ClCompile>
    <ClCompile Include="src\Inventory\Items\Sword.cpp">
      <Filter>Source Files\Inventory\Items</Filter>
    </ClCompile>
    <ClCompile Include="src\Inventory\Items\SwordAnimations.cpp">
      <Filter>Source Files\Inventory\Items</Filter>
    </ClCompile>
    <ClCompile Include="src\StateMachine\ConcreteStates\StartNewLevelIntroState.cpp">
      <Filter>Source Files\StateMachine\ConcreteStates</Filter>
    </ClCompile>
    <ClCompile Include="src\Dungeon\DungeonDoorPlacer.cpp">
      <Filter>Source Files\Dungeon</Filter>
    </ClCompile>
    <ClCompile Include="src\GameSystems\ItemDropHandler.cpp">
      <Filter>Source Files\GameSystems</Filter>
    </ClCompile>
    <ClCompile Include="src\Inventory\Items\Bomb.cpp">
      <Filter>Source Files\Inventory\Items</Filter>
    </ClCompile>
    <ClCompile Include="src\GameEntities\Monsters\WallSparkMonster.cpp">
      <Filter>Source Files\GameEntities\Monsters</Filter>
    </ClCompile>
    <ClCompile Include="src\GameEntities\Monsters\WormMonster.cpp">
      <Filter>Source Files\GameEntities\Monsters</Filter>
    </ClCompile>
    <ClCompile Include="src\StateMachine\ConcreteStates\MapScreenState.cpp">
      <Filter>Source Files\StateMachine\ConcreteStates</Filter>
    </ClCompile>
    <ClCompile Include="src\GameEntities\Monsters\ArcherMonster.cpp">
      <Filter>Source Files\GameEntities\Monsters</Filter>
    </ClCompile>
    <ClCompile Include="src\GameEntities\Monsters\MonsterBuilder.cpp">
      <Filter>Source Files\GameEntities\Monsters</Filter>
    </ClCompile>
    <ClCompile Include="src\GameEntities\Monsters\MonsterDeathAnimation.cpp">
      <Filter>Source Files\GameEntities\Monsters</Filter>
    </ClCompile>
    <ClCompile Include="src\EntityComponent\Components\MonsterComponent.cpp">
      <Filter>Source Files\ComponentsSystems\Components</Filter>
    </ClCompile>
    <ClCompile Include="src\Dungeon\LevelData.cpp">
      <Filter>Source Files\Dungeon</Filter>
    </ClCompile>
    <ClCompile Include="src\GameEntities\Monsters\SpinnerEntity.cpp">
      <Filter>Source Files\GameEntities\Monsters</Filter>
    </ClCompile>
    <ClCompile Include="src\GameEntities\Monsters\CaterpillarMonster.cpp">
      <Filter>Source Files\GameEntities\Monsters</Filter>
    </ClCompile>
    <ClCompile Include="src\GameEntities\Other\ProjectileEntity.cpp">
      <Filter>Source Files\GameEntities\Other</Filter>
    </ClCompile>
    <ClCompile Include="src\GameEntities\Monsters\GunTurretEntity.cpp">
      <Filter>Source Files\GameEntities\Monsters</Filter>
    </ClCompile>
    <ClCompile Include="src\Inventory\Items\Pig.cpp">
      <Filter>Source Files\Inventory\Items</Filter>
    </ClCompile>
    <ClCompile Include="src\GameEntities\Other\HeartContainer.cpp">
      <Filter>Source Files\GameEntities\Other</Filter>
    </ClCompile>
    <ClCompile Include="src\Inventory\Items\Boomerang.cpp">
      <Filter>Source Files\Inventory\Items</Filter>
    </ClCompile>
  </ItemGroup>
  <ItemGroup>
    <ClInclude Include="src\Game.h">
      <Filter>Source Files</Filter>
    </ClInclude>
    <ClInclude Include="src\ScreenConstants.h">
      <Filter>Source Files</Filter>
    </ClInclude>
    <ClInclude Include="src\Renderer\AsciiMesh.h">
      <Filter>Source Files\Renderer</Filter>
    </ClInclude>
    <ClInclude Include="src\Renderer\RenderTarget.h">
      <Filter>Source Files\Renderer</Filter>
    </ClInclude>
    <ClInclude Include="src\Maths\IVec2.h">
      <Filter>Source Files\Maths</Filter>
    </ClInclude>
    <ClInclude Include="src\Input\InputBuffer.h">
      <Filter>Source Files\Input</Filter>
    </ClInclude>
    <ClInclude Include="src\Input\InputMonitor.h">
      <Filter>Source Files\Input</Filter>
    </ClInclude>
    <ClInclude Include="src\EntityComponent\Components\CollisionComponent.h">
      <Filter>Source Files\ComponentsSystems\Components</Filter>
    </ClInclude>
    <ClInclude Include="src\EntityComponent\Components\InputHandlerComponent.h">
      <Filter>Source Files\ComponentsSystems\Components</Filter>
    </ClInclude>
    <ClInclude Include="src\EntityComponent\Components\PositionComponent.h">
      <Filter>Source Files\ComponentsSystems\Components</Filter>
    </ClInclude>
    <ClInclude Include="src\EntityComponent\Components\ProgramComponent.h">
      <Filter>Source Files\ComponentsSystems\Components</Filter>
    </ClInclude>
    <ClInclude Include="src\EntityComponent\Components\RenderableComponent.h">
      <Filter>Source Files\ComponentsSystems\Components</Filter>
    </ClInclude>
    <ClInclude Include="src\EntityComponent\Systems\CollisionSystem.h">
      <Filter>Source Files\ComponentsSystems\Systems</Filter>
    </ClInclude>
    <ClInclude Include="src\EntityComponent\Systems\InputHandlerSystem.h">
      <Filter>Source Files\ComponentsSystems\Systems</Filter>
    </ClInclude>
    <ClInclude Include="src\EntityComponent\Systems\ProgramSystem.h">
      <Filter>Source Files\ComponentsSystems\Systems</Filter>
    </ClInclude>
    <ClInclude Include="src\EntityComponent\Systems\RenderSystem.h">
      <Filter>Source Files\ComponentsSystems\Systems</Filter>
    </ClInclude>
    <ClInclude Include="src\Dungeon\DungeonFactory.h">
      <Filter>Source Files\Dungeon</Filter>
    </ClInclude>
    <ClInclude Include="src\EntityComponent\Components\TriggerBoxComponent.h">
      <Filter>Source Files\ComponentsSystems\Components</Filter>
    </ClInclude>
    <ClInclude Include="src\Maths\IRect.h">
      <Filter>Source Files\Maths</Filter>
    </ClInclude>
    <ClInclude Include="src\EntityComponent\Systems\TriggerSystem.h">
      <Filter>Source Files\ComponentsSystems\Systems</Filter>
    </ClInclude>
    <ClInclude Include="src\EntityComponent\Components\CameraComponent.h">
      <Filter>Source Files\ComponentsSystems\Components</Filter>
    </ClInclude>
    <ClInclude Include="src\GameSystems\CameraSystem.h">
      <Filter>Source Files\GameSystems</Filter>
    </ClInclude>
    <ClInclude Include="src\EntityComponent\Components\PlayerComponent.h">
      <Filter>Source Files\ComponentsSystems\Components</Filter>
    </ClInclude>
    <ClInclude Include="src\Dungeon\DungeonMap.h">
      <Filter>Source Files\Dungeon</Filter>
    </ClInclude>
    <ClInclude Include="src\GameEntities\CoinEntity.h">
      <Filter>Source Files\GameEntities</Filter>
    </ClInclude>
    <ClInclude Include="src\UI\HUD.h">
      <Filter>Source Files\UI</Filter>
    </ClInclude>
    <ClInclude Include="src\Messages\Messages.h">
      <Filter>Source Files\Messages</Filter>
    </ClInclude>
    <ClInclude Include="src\GameEntities\Player\PlayerEntity.h">
      <Filter>Source Files\GameEntities\Player</Filter>
    </ClInclude>
    <ClInclude Include="src\GameEntities\Player\PlayerEnums.h">
      <Filter>Source Files\GameEntities\Player</Filter>
    </ClInclude>
    <ClInclude Include="src\EntityComponent\Systems\PositionSystem.h">
      <Filter>Source Files\ComponentsSystems\Systems</Filter>
    </ClInclude>
    <ClInclude Include="src\Containers\Dynamic2DVector.h">
      <Filter>Source Files\Containers</Filter>
    </ClInclude>
    <ClInclude Include="src\EntityComponent\Components\AnimationComponent.h">
      <Filter>Source Files\ComponentsSystems\Components</Filter>
    </ClInclude>
    <ClInclude Include="src\EntityComponent\Systems\AnimationSystem.h">
      <Filter>Source Files\ComponentsSystems\Systems</Filter>
    </ClInclude>
    <ClInclude Include="src\EntityComponent\Components\HealthComponent.h">
      <Filter>Source Files\ComponentsSystems\Components</Filter>
    </ClInclude>
    <ClInclude Include="src\Animations\Animation.h">
      <Filter>Source Files\Animations</Filter>
    </ClInclude>
    <ClInclude Include="src\GameEntities\HealthEntity.h">
      <Filter>Source Files\GameEntities</Filter>
    </ClInclude>
    <ClInclude Include="src\EntityComponent\Components\MessageReceiverComponent.h">
      <Filter>Source Files\ComponentsSystems\Components</Filter>
    </ClInclude>
    <ClInclude Include="src\EntityComponent\Components\MonsterComponent.h">
      <Filter>Source Files\ComponentsSystems\Components</Filter>
    </ClInclude>
    <ClInclude Include="src\Containers\ContainerMacros.h">
      <Filter>Source Files\Containers</Filter>
    </ClInclude>
    <ClInclude Include="src\StateMachine\StateBase.h">
      <Filter>Source Files\StateMachine</Filter>
    </ClInclude>
    <ClInclude Include="src\StateMachine\EGameState.h">
      <Filter>Source Files\StateMachine</Filter>
    </ClInclude>
    <ClInclude Include="src\Renderer\RenderTargetWriter.h">
      <Filter>Source Files\Renderer</Filter>
    </ClInclude>
    <ClInclude Include="src\Containers\Dynamic2DVectorWithOffset.h">
      <Filter>Source Files\Containers</Filter>
    </ClInclude>
    <ClInclude Include="src\EntityComponent\Components\CollisionMesh.h">
      <Filter>Source Files\ComponentsSystems\Components</Filter>
    </ClInclude>
    <ClInclude Include="src\GameEntities\Player\PlayerBehaviours\PlayerBehaviourBase.h">
      <Filter>Source Files\GameEntities\Player\PlayerBehaviour</Filter>
    </ClInclude>
    <ClInclude Include="src\EntityComponent\Components\OrientationComponent.h">
      <Filter>Source Files\ComponentsSystems\Components</Filter>
    </ClInclude>
    <ClInclude Include="src\EntityComponent\Components\EOrientation.h">
      <Filter>Source Files\ComponentsSystems\Components</Filter>
    </ClInclude>
    <ClInclude Include="src\GameEntities\Player\PlayerBehaviours\PlayerIdleBehaviour.h">
      <Filter>Source Files\GameEntities\Player\PlayerBehaviour</Filter>
    </ClInclude>
    <ClInclude Include="src\GameEntities\Player\PlayerBehaviours\PlayerDeadBehaviour.h">
      <Filter>Source Files\GameEntities\Player\PlayerBehaviour</Filter>
    </ClInclude>
    <ClInclude Include="src\UI\HealthBarUI.h">
      <Filter>Source Files\UI</Filter>
    </ClInclude>
    <ClInclude Include="src\UI\EquippedBarUI.h">
      <Filter>Source Files\UI</Filter>
    </ClInclude>
    <ClInclude Include="src\UI\YouAreDeadDisplay.h">
      <Filter>Source Files\UI</Filter>
    </ClInclude>
    <ClInclude Include="src\GameEntities\Obstacles\LockedDoor.h">
      <Filter>Source Files\GameEntities\Obstacles</Filter>
    </ClInclude>
    <ClInclude Include="src\GameEntities\Obstacles\OpenDoor.h">
      <Filter>Source Files\GameEntities\Obstacles</Filter>
    </ClInclude>
    <ClInclude Include="src\GameEntities\Obstacles\DoorConstants.h">
      <Filter>Source Files\GameEntities\Obstacles</Filter>
    </ClInclude>
    <ClInclude Include="src\Dungeon\RoomEntity.h">
      <Filter>Source Files\Dungeon</Filter>
    </ClInclude>
    <ClInclude Include="src\Dungeon\DungeonLayoutGenerator.h">
      <Filter>Source Files\Dungeon</Filter>
    </ClInclude>
    <ClInclude Include="src\GameEntities\Obstacles\Stairs.h">
      <Filter>Source Files\GameEntities\Obstacles</Filter>
    </ClInclude>
    <ClInclude Include="src\StateMachine\StateMachine.h">
      <Filter>Source Files\StateMachine</Filter>
    </ClInclude>
    <ClInclude Include="src\StateMachine\StateMachineMessageHandler.h">
      <Filter>Source Files\StateMachine</Filter>
    </ClInclude>
    <ClInclude Include="src\StateMachine\ConcreteStates\StartMenuState.h">
      <Filter>Source Files\StateMachine\ConcreteStates</Filter>
    </ClInclude>
    <ClInclude Include="src\StateMachine\ConcreteStates\InGameState.h">
      <Filter>Source Files\StateMachine\ConcreteStates</Filter>
    </ClInclude>
    <ClInclude Include="src\StateMachine\ConcreteStates\InventoryScreenState.h">
      <Filter>Source Files\StateMachine\ConcreteStates</Filter>
    </ClInclude>
    <ClInclude Include="src\GameData.h">
      <Filter>Source Files</Filter>
    </ClInclude>
    <ClInclude Include="src\Inventory\Inventory.h">
      <Filter>Source Files\Inventory</Filter>
    </ClInclude>
    <ClInclude Include="src\Inventory\Items\Arrow.h">
      <Filter>Source Files\Inventory\Items</Filter>
    </ClInclude>
    <ClInclude Include="src\Inventory\Items\Bow.h">
      <Filter>Source Files\Inventory\Items</Filter>
    </ClInclude>
    <ClInclude Include="src\Inventory\Items\BowAnimations.h">
      <Filter>Source Files\Inventory\Items</Filter>
    </ClInclude>
    <ClInclude Include="src\Inventory\Items\DoorKey.h">
      <Filter>Source Files\Inventory\Items</Filter>
    </ClInclude>
    <ClInclude Include="src\Inventory\Items\ItemBase.h">
      <Filter>Source Files\Inventory\Items</Filter>
    </ClInclude>
    <ClInclude Include="src\Inventory\Items\ItemData.h">
      <Filter>Source Files\Inventory\Items</Filter>
    </ClInclude>
    <ClInclude Include="src\Inventory\Items\Shield.h">
      <Filter>Source Files\Inventory\Items</Filter>
    </ClInclude>
    <ClInclude Include="src\Inventory\Items\Sword.h">
      <Filter>Source Files\Inventory\Items</Filter>
    </ClInclude>
    <ClInclude Include="src\Inventory\Items\SwordAnimations.h">
      <Filter>Source Files\Inventory\Items</Filter>
    </ClInclude>
    <ClInclude Include="src\GameEntities\Player\PlayerData.h">
      <Filter>Source Files\GameEntities\Player</Filter>
    </ClInclude>
    <ClInclude Include="src\StateMachine\ConcreteStates\StartNewLevelIntroState.h">
      <Filter>Source Files\StateMachine\ConcreteStates</Filter>
    </ClInclude>
    <ClInclude Include="src\Maths\Maths.h">
      <Filter>Source Files\Maths</Filter>
    </ClInclude>
    <ClInclude Include="src\GameEntities\ItemEntity.h">
      <Filter>Source Files\GameEntities</Filter>
    </ClInclude>
    <ClInclude Include="src\Dungeon\DungeonDoorPlacer.h">
      <Filter>Source Files\Dungeon</Filter>
    </ClInclude>
    <ClInclude Include="src\GameSystems\ItemDropHandler.h">
      <Filter>Source Files\GameSystems</Filter>
    </ClInclude>
    <ClInclude Include="src\Inventory\Items\Bomb.h">
      <Filter>Source Files\Inventory\Items</Filter>
    </ClInclude>
    <ClInclude Include="src\GameEntities\Monsters\WallSparkMonster.h">
      <Filter>Source Files\GameEntities\Monsters</Filter>
    </ClInclude>
    <ClInclude Include="src\GameEntities\Monsters\WormMonster.h">
      <Filter>Source Files\GameEntities\Monsters</Filter>
    </ClInclude>
    <ClInclude Include="src\StateMachine\ConcreteStates\MapScreenState.h">
      <Filter>Source Files\StateMachine\ConcreteStates</Filter>
    </ClInclude>
    <ClInclude Include="src\Renderer\Colour.h">
      <Filter>Source Files\Renderer</Filter>
    </ClInclude>
    <ClInclude Include="src\Renderer\Fragment.h">
      <Filter>Source Files\Renderer</Filter>
    </ClInclude>
    <ClInclude Include="src\GameEntities\Player\PlayerConstants.h">
      <Filter>Source Files\GameEntities\Player</Filter>
    </ClInclude>
    <ClInclude Include="src\Dungeon\WallFragments.h">
      <Filter>Source Files\Dungeon</Filter>
    </ClInclude>
    <ClInclude Include="src\GameEntities\Monsters\ArcherMonster.h">
      <Filter>Source Files\GameEntities\Monsters</Filter>
    </ClInclude>
    <ClInclude Include="src\GameEntities\Monsters\MonsterBuilder.h">
      <Filter>Source Files\GameEntities\Monsters</Filter>
    </ClInclude>
    <ClInclude Include="src\GameEntities\Monsters\MonsterDeathAnimation.h">
      <Filter>Source Files\GameEntities\Monsters</Filter>
    </ClInclude>
    <ClInclude Include="src\Dungeon\LevelData.h">
      <Filter>Source Files\Dungeon</Filter>
    </ClInclude>
    <ClInclude Include="src\GameEntities\Monsters\SpinnerEntity.h">
      <Filter>Source Files\GameEntities\Monsters</Filter>
    </ClInclude>
    <ClInclude Include="src\GameEntities\Monsters\CaterpillarMonster.h">
      <Filter>Source Files\GameEntities\Monsters</Filter>
    </ClInclude>
    <ClInclude Include="src\GameEntities\Other\ProjectileEntity.h">
      <Filter>Source Files\GameEntities\Other</Filter>
    </ClInclude>
    <ClInclude Include="src\GameEntities\Monsters\GunTurretEntity.h">
      <Filter>Source Files\GameEntities\Monsters</Filter>
    </ClInclude>
    <ClInclude Include="src\Inventory\Items\Pig.h">
      <Filter>Source Files\Inventory\Items</Filter>
    </ClInclude>
    <ClInclude Include="src\GameEntities\Other\HeartContainer.h">
      <Filter>Source Files\GameEntities\Other</Filter>
    </ClInclude>
    <ClInclude Include="src\Inventory\Items\Boomerang.h">
      <Filter>Source Files\Inventory\Items</Filter>
    </ClInclude>
  </ItemGroup>
</Project>